
Microsoft Visual Studio Solution File, Format Version 12.00
# Visual Studio Version 17
VisualStudioVersion = 17.5.002.0
MinimumVisualStudioVersion = 10.0.40219.1
Project("{FAE04EC0-301F-11D3-BF4B-00C04F79EFBC}") = "xmlcomparator", "xmlcomparator\xmlcomparator.csproj", "{87B9AB01-9161-464D-A577-CACEB0A7AD62}"
EndProject
Project("{FAE04EC0-301F-11D3-BF4B-00C04F79EFBC}") = "xmlcomparator.Tests", "xmlcomparator.Tests\xmlcomparator.Tests.csproj", "{BC23F779-3A9E-4B38-9191-F92448FBE128}"
EndProject
Global
	GlobalSection(SolutionProperties) = preSolution
		HideSolutionNode = FALSE
	EndGlobalSection
	GlobalSection(ExtensibilityGlobals) = postSolution
		SolutionGuid = {F8954D9D-A1A9-4D83-AA45-A99ADC9BF6DE}
	EndGlobalSection
	GlobalSection(SolutionConfigurationPlatforms) = preSolution
		Debug|Any CPU = Debug|Any CPU
		Debug|x64 = Debug|x64
		Debug|x86 = Debug|x86
		Release|Any CPU = Release|Any CPU
		Release|x64 = Release|x64
		Release|x86 = Release|x86
	EndGlobalSection
	GlobalSection(ProjectConfigurationPlatforms) = postSolution
		{87B9AB01-9161-464D-A577-CACEB0A7AD62}.Debug|Any CPU.ActiveCfg = Debug|Any CPU
		{87B9AB01-9161-464D-A577-CACEB0A7AD62}.Debug|Any CPU.Build.0 = Debug|Any CPU
		{87B9AB01-9161-464D-A577-CACEB0A7AD62}.Debug|x64.ActiveCfg = Debug|Any CPU
		{87B9AB01-9161-464D-A577-CACEB0A7AD62}.Debug|x64.Build.0 = Debug|Any CPU
		{87B9AB01-9161-464D-A577-CACEB0A7AD62}.Debug|x86.ActiveCfg = Debug|Any CPU
		{87B9AB01-9161-464D-A577-CACEB0A7AD62}.Debug|x86.Build.0 = Debug|Any CPU
		{87B9AB01-9161-464D-A577-CACEB0A7AD62}.Release|Any CPU.ActiveCfg = Release|Any CPU
		{87B9AB01-9161-464D-A577-CACEB0A7AD62}.Release|Any CPU.Build.0 = Release|Any CPU
		{87B9AB01-9161-464D-A577-CACEB0A7AD62}.Release|x64.ActiveCfg = Release|Any CPU
		{87B9AB01-9161-464D-A577-CACEB0A7AD62}.Release|x64.Build.0 = Release|Any CPU
		{87B9AB01-9161-464D-A577-CACEB0A7AD62}.Release|x86.ActiveCfg = Release|Any CPU
		{87B9AB01-9161-464D-A577-CACEB0A7AD62}.Release|x86.Build.0 = Release|Any CPU
		{BC23F779-3A9E-4B38-9191-F92448FBE128}.Debug|Any CPU.ActiveCfg = Debug|Any CPU
		{BC23F779-3A9E-4B38-9191-F92448FBE128}.Debug|Any CPU.Build.0 = Debug|Any CPU
		{BC23F779-3A9E-4B38-9191-F92448FBE128}.Debug|x64.ActiveCfg = Debug|Any CPU
		{BC23F779-3A9E-4B38-9191-F92448FBE128}.Debug|x64.Build.0 = Debug|Any CPU
		{BC23F779-3A9E-4B38-9191-F92448FBE128}.Debug|x86.ActiveCfg = Debug|Any CPU
		{BC23F779-3A9E-4B38-9191-F92448FBE128}.Debug|x86.Build.0 = Debug|Any CPU
		{BC23F779-3A9E-4B38-9191-F92448FBE128}.Release|Any CPU.ActiveCfg = Release|Any CPU
		{BC23F779-3A9E-4B38-9191-F92448FBE128}.Release|Any CPU.Build.0 = Release|Any CPU
		{BC23F779-3A9E-4B38-9191-F92448FBE128}.Release|x64.ActiveCfg = Release|Any CPU
		{BC23F779-3A9E-4B38-9191-F92448FBE128}.Release|x64.Build.0 = Release|Any CPU
		{BC23F779-3A9E-4B38-9191-F92448FBE128}.Release|x86.ActiveCfg = Release|Any CPU
		{BC23F779-3A9E-4B38-9191-F92448FBE128}.Release|x86.Build.0 = Release|Any CPU
	EndGlobalSection
EndGlobal
